
Microsoft Visual Studio Solution File, Format Version 12.00
# Visual Studio Version 16
VisualStudioVersion = 16.0.32106.194
MinimumVisualStudioVersion = 12.0
Project("{2150E333-8FDC-42A3-9474-1A3956D46DE8}") = "Driver", "Driver", "{837BF49F-1143-4D82-A340-99AAFAE83F72}"
EndProject
Project("{2150E333-8FDC-42A3-9474-1A3956D46DE8}") = "Kmdf", "Kmdf", "{6E61CD28-FEB2-4D68-9E47-006C401881F6}"
EndProject
Project("{8BC9CEB8-8B4A-11D0-8D11-00A0C91BC942}") = "fts5cu56a", "driver\kmdf\fts5cu56a.vcxproj", "{64048006-1C5F-4262-823B-54310D7F3869}"
EndProject
Global
	GlobalSection(SolutionConfigurationPlatforms) = preSolution
		Debug|ARM64 = Debug|ARM64
		Debug|Win32 = Debug|Win32
		Debug|x64 = Debug|x64
		Release|ARM64 = Release|ARM64
		Release|Win32 = Release|Win32
		Release|x64 = Release|x64
	EndGlobalSection
	GlobalSection(ProjectConfigurationPlatforms) = postSolution
		{64048006-1C5F-4262-823B-54310D7F3869}.Debug|ARM64.ActiveCfg = Debug|ARM64
		{64048006-1C5F-4262-823B-54310D7F3869}.Debug|ARM64.Build.0 = Debug|ARM64
		{64048006-1C5F-4262-823B-54310D7F3869}.Debug|ARM64.Deploy.0 = Debug|ARM64
		{64048006-1C5F-4262-823B-54310D7F3869}.Debug|Win32.ActiveCfg = Debug|Win32
		{64048006-1C5F-4262-823B-54310D7F3869}.Debug|Win32.Build.0 = Debug|Win32
		{64048006-1C5F-4262-823B-54310D7F3869}.Debug|x64.ActiveCfg = Debug|x64
		{64048006-1C5F-4262-823B-54310D7F3869}.Debug|x64.Build.0 = Debug|x64
		{64048006-1C5F-4262-823B-54310D7F3869}.Release|ARM64.ActiveCfg = Release|ARM64
		{64048006-1C5F-4262-823B-54310D7F3869}.Release|ARM64.Build.0 = Release|ARM64
		{64048006-1C5F-4262-823B-54310D7F3869}.Release|ARM64.Deploy.0 = Release|ARM64
		{64048006-1C5F-4262-823B-54310D7F3869}.Release|Win32.ActiveCfg = Release|Win32
		{64048006-1C5F-4262-823B-54310D7F3869}.Release|Win32.Build.0 = Release|Win32
		{64048006-1C5F-4262-823B-54310D7F3869}.Release|x64.ActiveCfg = Release|x64
		{64048006-1C5F-4262-823B-54310D7F3869}.Release|x64.Build.0 = Release|x64
	EndGlobalSection
	GlobalSection(SolutionProperties) = preSolution
		HideSolutionNode = FALSE
	EndGlobalSection
	GlobalSection(NestedProjects) = preSolution
		{6E61CD28-FEB2-4D68-9E47-006C401881F6} = {837BF49F-1143-4D82-A340-99AAFAE83F72}
		{64048006-1C5F-4262-823B-54310D7F3869} = {6E61CD28-FEB2-4D68-9E47-006C401881F6}
	EndGlobalSection
	GlobalSection(ExtensibilityGlobals) = postSolution
		SolutionGuid = {BD85FB42-9349-405E-840B-389F5948E147}
	EndGlobalSection
EndGlobal
